// !$*UTF8*$!
{
	archiveVersion = 1;
	classes = {
	};
	objectVersion = 47;
	objects = {

/* Begin PBXBuildFile section */
		4198ECD71AD005750048C3A0 /* AppDelegate.swift in Sources */ = {isa = PBXBuildFile; fileRef = 4198ECD61AD005750048C3A0 /* AppDelegate.swift */; };
		4198ECD91AD005750048C3A0 /* ViewController.swift in Sources */ = {isa = PBXBuildFile; fileRef = 4198ECD81AD005750048C3A0 /* ViewController.swift */; };
		4198ECDE1AD005750048C3A0 /* Images.xcassets in Resources */ = {isa = PBXBuildFile; fileRef = 4198ECDD1AD005750048C3A0 /* Images.xcassets */; };
		4198ECED1AD005760048C3A0 /* TinfinityTests.swift in Sources */ = {isa = PBXBuildFile; fileRef = 4198ECEC1AD005760048C3A0 /* TinfinityTests.swift */; };
		4198ECFA1AD0343E0048C3A0 /* Crypto.swift in Sources */ = {isa = PBXBuildFile; fileRef = 4198ECF91AD0343E0048C3A0 /* Crypto.swift */; };
		5101C0D61BCE9CBB00F7FD36 /* Main6p.storyboard in Resources */ = {isa = PBXBuildFile; fileRef = 5101C0D51BCE9CBB00F7FD36 /* Main6p.storyboard */; settings = {ASSET_TAGS = (); }; };
		5113C1DF1B19F1F8007B53AA /* Reachability.swift in Sources */ = {isa = PBXBuildFile; fileRef = 5113C1DE1B19F1F8007B53AA /* Reachability.swift */; };
		511771CE1BD649280066632B /* FindTopController.swift in Sources */ = {isa = PBXBuildFile; fileRef = 511771CD1BD649280066632B /* FindTopController.swift */; settings = {ASSET_TAGS = (); }; };
		5122F9E11BB3ED0D008E73EB /* PageViewController.swift in Sources */ = {isa = PBXBuildFile; fileRef = 5122F9E01BB3ED0D008E73EB /* PageViewController.swift */; settings = {ASSET_TAGS = (); }; };
		512ABEF21ADD5B1D004ED28D /* ChatCustomCell.swift in Sources */ = {isa = PBXBuildFile; fileRef = 512ABEF01ADD5B1D004ED28D /* ChatCustomCell.swift */; };
		512ABEF31ADD5B1D004ED28D /* ChatListViewController.swift in Sources */ = {isa = PBXBuildFile; fileRef = 512ABEF11ADD5B1D004ED28D /* ChatListViewController.swift */; };
		5135D9E21B42E9700070A560 /* EditProfileViewController.swift in Sources */ = {isa = PBXBuildFile; fileRef = 5135D9E11B42E9700070A560 /* EditProfileViewController.swift */; };
		5135D9E41B43E8800070A560 /* FacebookAlbumsViewController.swift in Sources */ = {isa = PBXBuildFile; fileRef = 5135D9E31B43E8800070A560 /* FacebookAlbumsViewController.swift */; };
		513FFC1C1BCAA0EE00CC1CAB /* ProfileViewController.swift in Sources */ = {isa = PBXBuildFile; fileRef = 513FFC1B1BCAA0EE00CC1CAB /* ProfileViewController.swift */; settings = {ASSET_TAGS = (); }; };
		515572F01BCA95FA000017A8 /* PhotoItemViewController.swift in Sources */ = {isa = PBXBuildFile; fileRef = 515572EF1BCA95FA000017A8 /* PhotoItemViewController.swift */; settings = {ASSET_TAGS = (); }; };
		516594971BA964FB00C186F0 /* AlbumCustomCell.swift in Sources */ = {isa = PBXBuildFile; fileRef = 516594961BA964FB00C186F0 /* AlbumCustomCell.swift */; };
		516C3D5C1B90BB8F003C6CCC /* StructIdImage.swift in Sources */ = {isa = PBXBuildFile; fileRef = 516C3D5B1B90BB8F003C6CCC /* StructIdImage.swift */; };
		5170F32B1B5EA93000779D64 /* PictureDetailViewController.swift in Sources */ = {isa = PBXBuildFile; fileRef = 5170F32A1B5EA93000779D64 /* PictureDetailViewController.swift */; };
		518474841B91C0DB0045273E /* ChatsModel.xcdatamodeld in Sources */ = {isa = PBXBuildFile; fileRef = 518474821B91C0DB0045273E /* ChatsModel.xcdatamodeld */; };
		51930AF91B0C77CC004F4F88 /* SettingsViewController.swift in Sources */ = {isa = PBXBuildFile; fileRef = 51930AF81B0C77CC004F4F88 /* SettingsViewController.swift */; };
		51A5042C1B0F7D670039E97C /* Chat.swift in Sources */ = {isa = PBXBuildFile; fileRef = 51A5042B1B0F7D670039E97C /* Chat.swift */; };
		51A504331B0F7F6A0039E97C /* Account.swift in Sources */ = {isa = PBXBuildFile; fileRef = 51A504321B0F7F6A0039E97C /* Account.swift */; };
		51A5043B1B11C9D00039E97C /* ChatViewController.swift in Sources */ = {isa = PBXBuildFile; fileRef = 51A5043A1B11C9D00039E97C /* ChatViewController.swift */; };
		51AADA991AEE1774007225CD /* ServerAPIController.swift in Sources */ = {isa = PBXBuildFile; fileRef = 51AADA981AEE1774007225CD /* ServerAPIController.swift */; };
		51AADA9B1AEE2D6F007225CD /* User.swift in Sources */ = {isa = PBXBuildFile; fileRef = 51AADA9A1AEE2D6F007225CD /* User.swift */; };
		51ADDC0B1B57AF5C00873DDB /* FacebookPhotoCollectionViewController.swift in Sources */ = {isa = PBXBuildFile; fileRef = 51ADDC0A1B57AF5C00873DDB /* FacebookPhotoCollectionViewController.swift */; };
		51ADDC0F1B57D4F100873DDB /* PictureCollectionViewCell.swift in Sources */ = {isa = PBXBuildFile; fileRef = 51ADDC0E1B57D4F100873DDB /* PictureCollectionViewCell.swift */; };
		51B1AE3C1AE79178006AE203 /* LoginViewController.swift in Sources */ = {isa = PBXBuildFile; fileRef = 51B1AE3B1AE79178006AE203 /* LoginViewController.swift */; };
		51B1C0821B936A6E00116882 /* UserAnnotation.swift in Sources */ = {isa = PBXBuildFile; fileRef = 51B1C0811B936A6E00116882 /* UserAnnotation.swift */; };
		51CEBDD41BA1821E000E9E4B /* Main5.storyboard in Resources */ = {isa = PBXBuildFile; fileRef = 51CEBDD21BA1821E000E9E4B /* Main5.storyboard */; };
		51D96C241B4A6C91001A2D29 /* Album.swift in Sources */ = {isa = PBXBuildFile; fileRef = 51D96C231B4A6C91001A2D29 /* Album.swift */; };
		51D96C261B4ABC42001A2D29 /* FacebookAPIController.swift in Sources */ = {isa = PBXBuildFile; fileRef = 51D96C251B4ABC41001A2D29 /* FacebookAPIController.swift */; };
		51F69F861BA05F8900BF842C /* Main6.storyboard in Resources */ = {isa = PBXBuildFile; fileRef = 51F69F7E1BA05D2F00BF842C /* Main6.storyboard */; };
		8B5424861BD524CE0093FFAC /* Request.swift in Sources */ = {isa = PBXBuildFile; fileRef = 8B5424851BD524CE0093FFAC /* Request.swift */; settings = {ASSET_TAGS = (); }; };
		8B5424881BD528B10093FFAC /* RequestCustomCell.swift in Sources */ = {isa = PBXBuildFile; fileRef = 8B5424871BD528B10093FFAC /* RequestCustomCell.swift */; settings = {ASSET_TAGS = (); }; };
		8B54248B1BD52CAB0093FFAC /* RequestListViewController.swift in Sources */ = {isa = PBXBuildFile; fileRef = 8B54248A1BD52CAB0093FFAC /* RequestListViewController.swift */; settings = {ASSET_TAGS = (); }; };
		8B5F6B751BCAC361008524BD /* DistanceUtil.swift in Sources */ = {isa = PBXBuildFile; fileRef = 8B5F6B741BCAC361008524BD /* DistanceUtil.swift */; settings = {ASSET_TAGS = (); }; };
		8BE8BA381B9225D800F587EF /* ImageUtil.swift in Sources */ = {isa = PBXBuildFile; fileRef = 8BE8BA371B9225D800F587EF /* ImageUtil.swift */; };
		92972DF2203B1912BF6E606C /* Pods.framework in Frameworks */ = {isa = PBXBuildFile; fileRef = 8918A07EDD7E7ADDAFC70793 /* Pods.framework */; };
/* End PBXBuildFile section */

/* Begin PBXContainerItemProxy section */
		4198ECE71AD005750048C3A0 /* PBXContainerItemProxy */ = {
			isa = PBXContainerItemProxy;
			containerPortal = 4198ECC91AD005750048C3A0 /* Project object */;
			proxyType = 1;
			remoteGlobalIDString = 4198ECD01AD005750048C3A0;
			remoteInfo = Tinfinity;
		};
/* End PBXContainerItemProxy section */

/* Begin PBXCopyFilesBuildPhase section */
		41C44AC01AD2CBD6005E7B42 /* Copy Framework */ = {
			isa = PBXCopyFilesBuildPhase;
			buildActionMask = 2147483647;
			dstPath = "";
			dstSubfolderSpec = 10;
			files = (
			);
			name = "Copy Framework";
			runOnlyForDeploymentPostprocessing = 0;
		};
/* End PBXCopyFilesBuildPhase section */

/* Begin PBXFileReference section */
		4198ECD11AD005750048C3A0 /* Tinfinity.app */ = {isa = PBXFileReference; explicitFileType = wrapper.application; includeInIndex = 0; path = Tinfinity.app; sourceTree = BUILT_PRODUCTS_DIR; };
		4198ECD51AD005750048C3A0 /* Info.plist */ = {isa = PBXFileReference; lastKnownFileType = text.plist.xml; path = Info.plist; sourceTree = "<group>"; };
		4198ECD61AD005750048C3A0 /* AppDelegate.swift */ = {isa = PBXFileReference; lastKnownFileType = sourcecode.swift; path = AppDelegate.swift; sourceTree = "<group>"; };
		4198ECD81AD005750048C3A0 /* ViewController.swift */ = {isa = PBXFileReference; lastKnownFileType = sourcecode.swift; path = ViewController.swift; sourceTree = "<group>"; };
		4198ECDD1AD005750048C3A0 /* Images.xcassets */ = {isa = PBXFileReference; lastKnownFileType = folder.assetcatalog; path = Images.xcassets; sourceTree = "<group>"; };
		4198ECE61AD005750048C3A0 /* TinfinityTests.xctest */ = {isa = PBXFileReference; explicitFileType = wrapper.cfbundle; includeInIndex = 0; path = TinfinityTests.xctest; sourceTree = BUILT_PRODUCTS_DIR; };
		4198ECEB1AD005750048C3A0 /* Info.plist */ = {isa = PBXFileReference; lastKnownFileType = text.plist.xml; path = Info.plist; sourceTree = "<group>"; };
		4198ECEC1AD005760048C3A0 /* TinfinityTests.swift */ = {isa = PBXFileReference; lastKnownFileType = sourcecode.swift; path = TinfinityTests.swift; sourceTree = "<group>"; };
		4198ECF91AD0343E0048C3A0 /* Crypto.swift */ = {isa = PBXFileReference; fileEncoding = 4; lastKnownFileType = sourcecode.swift; path = Crypto.swift; sourceTree = "<group>"; };
		5020E30E50F65E7F471C1B85 /* Pods.release.xcconfig */ = {isa = PBXFileReference; includeInIndex = 1; lastKnownFileType = text.xcconfig; name = Pods.release.xcconfig; path = "Pods/Target Support Files/Pods/Pods.release.xcconfig"; sourceTree = "<group>"; };
		5101C0D51BCE9CBB00F7FD36 /* Main6p.storyboard */ = {isa = PBXFileReference; fileEncoding = 4; lastKnownFileType = file.storyboard; path = Main6p.storyboard; sourceTree = "<group>"; };
		5113C1DE1B19F1F8007B53AA /* Reachability.swift */ = {isa = PBXFileReference; fileEncoding = 4; lastKnownFileType = sourcecode.swift; path = Reachability.swift; sourceTree = "<group>"; };
		511771CD1BD649280066632B /* FindTopController.swift */ = {isa = PBXFileReference; fileEncoding = 4; lastKnownFileType = sourcecode.swift; path = FindTopController.swift; sourceTree = "<group>"; };
		5122F9E01BB3ED0D008E73EB /* PageViewController.swift */ = {isa = PBXFileReference; fileEncoding = 4; lastKnownFileType = sourcecode.swift; path = PageViewController.swift; sourceTree = "<group>"; };
		512ABEF01ADD5B1D004ED28D /* ChatCustomCell.swift */ = {isa = PBXFileReference; fileEncoding = 4; lastKnownFileType = sourcecode.swift; path = ChatCustomCell.swift; sourceTree = "<group>"; };
		512ABEF11ADD5B1D004ED28D /* ChatListViewController.swift */ = {isa = PBXFileReference; fileEncoding = 4; lastKnownFileType = sourcecode.swift; path = ChatListViewController.swift; sourceTree = "<group>"; };
		5135D9E11B42E9700070A560 /* EditProfileViewController.swift */ = {isa = PBXFileReference; fileEncoding = 4; lastKnownFileType = sourcecode.swift; path = EditProfileViewController.swift; sourceTree = "<group>"; };
		5135D9E31B43E8800070A560 /* FacebookAlbumsViewController.swift */ = {isa = PBXFileReference; fileEncoding = 4; lastKnownFileType = sourcecode.swift; path = FacebookAlbumsViewController.swift; sourceTree = "<group>"; };
		513FFC1B1BCAA0EE00CC1CAB /* ProfileViewController.swift */ = {isa = PBXFileReference; fileEncoding = 4; lastKnownFileType = sourcecode.swift; path = ProfileViewController.swift; sourceTree = "<group>"; };
		515572EF1BCA95FA000017A8 /* PhotoItemViewController.swift */ = {isa = PBXFileReference; fileEncoding = 4; lastKnownFileType = sourcecode.swift; path = PhotoItemViewController.swift; sourceTree = "<group>"; };
		516594961BA964FB00C186F0 /* AlbumCustomCell.swift */ = {isa = PBXFileReference; fileEncoding = 4; lastKnownFileType = sourcecode.swift; path = AlbumCustomCell.swift; sourceTree = "<group>"; };
		516C3D5B1B90BB8F003C6CCC /* StructIdImage.swift */ = {isa = PBXFileReference; fileEncoding = 4; lastKnownFileType = sourcecode.swift; path = StructIdImage.swift; sourceTree = "<group>"; };
		5170F32A1B5EA93000779D64 /* PictureDetailViewController.swift */ = {isa = PBXFileReference; fileEncoding = 4; lastKnownFileType = sourcecode.swift; path = PictureDetailViewController.swift; sourceTree = "<group>"; };
		518474831B91C0DB0045273E /* ChatsModel.xcdatamodel */ = {isa = PBXFileReference; lastKnownFileType = wrapper.xcdatamodel; path = ChatsModel.xcdatamodel; sourceTree = "<group>"; };
		51930AF81B0C77CC004F4F88 /* SettingsViewController.swift */ = {isa = PBXFileReference; fileEncoding = 4; lastKnownFileType = sourcecode.swift; path = SettingsViewController.swift; sourceTree = "<group>"; };
		51A5042B1B0F7D670039E97C /* Chat.swift */ = {isa = PBXFileReference; fileEncoding = 4; lastKnownFileType = sourcecode.swift; path = Chat.swift; sourceTree = "<group>"; };
		51A504321B0F7F6A0039E97C /* Account.swift */ = {isa = PBXFileReference; fileEncoding = 4; lastKnownFileType = sourcecode.swift; path = Account.swift; sourceTree = "<group>"; };
		51A5043A1B11C9D00039E97C /* ChatViewController.swift */ = {isa = PBXFileReference; fileEncoding = 4; lastKnownFileType = sourcecode.swift; path = ChatViewController.swift; sourceTree = "<group>"; };
		51AADA981AEE1774007225CD /* ServerAPIController.swift */ = {isa = PBXFileReference; fileEncoding = 4; lastKnownFileType = sourcecode.swift; path = ServerAPIController.swift; sourceTree = "<group>"; };
		51AADA9A1AEE2D6F007225CD /* User.swift */ = {isa = PBXFileReference; fileEncoding = 4; lastKnownFileType = sourcecode.swift; path = User.swift; sourceTree = "<group>"; };
		51ADDC0A1B57AF5C00873DDB /* FacebookPhotoCollectionViewController.swift */ = {isa = PBXFileReference; fileEncoding = 4; lastKnownFileType = sourcecode.swift; path = FacebookPhotoCollectionViewController.swift; sourceTree = "<group>"; };
		51ADDC0E1B57D4F100873DDB /* PictureCollectionViewCell.swift */ = {isa = PBXFileReference; fileEncoding = 4; lastKnownFileType = sourcecode.swift; path = PictureCollectionViewCell.swift; sourceTree = "<group>"; };
		51B1AE3B1AE79178006AE203 /* LoginViewController.swift */ = {isa = PBXFileReference; fileEncoding = 4; lastKnownFileType = sourcecode.swift; path = LoginViewController.swift; sourceTree = "<group>"; };
		51B1C0811B936A6E00116882 /* UserAnnotation.swift */ = {isa = PBXFileReference; fileEncoding = 4; lastKnownFileType = sourcecode.swift; path = UserAnnotation.swift; sourceTree = "<group>"; };
		51CEBDD31BA1821E000E9E4B /* en */ = {isa = PBXFileReference; lastKnownFileType = file.storyboard; name = en; path = en.lproj/Main5.storyboard; sourceTree = "<group>"; };
		51D96C231B4A6C91001A2D29 /* Album.swift */ = {isa = PBXFileReference; fileEncoding = 4; lastKnownFileType = sourcecode.swift; path = Album.swift; sourceTree = "<group>"; };
		51D96C251B4ABC41001A2D29 /* FacebookAPIController.swift */ = {isa = PBXFileReference; fileEncoding = 4; lastKnownFileType = sourcecode.swift; path = FacebookAPIController.swift; sourceTree = "<group>"; };
		51E1227A1B11EE6A0061BD29 /* Tinfinity-Bridging-Header.h */ = {isa = PBXFileReference; lastKnownFileType = sourcecode.c.h; path = "Tinfinity-Bridging-Header.h"; sourceTree = "<group>"; };
		51F69F841BA05DA900BF842C /* en */ = {isa = PBXFileReference; lastKnownFileType = file.storyboard; name = en; path = en.lproj/Main6.storyboard; sourceTree = "<group>"; };
		8918A07EDD7E7ADDAFC70793 /* Pods.framework */ = {isa = PBXFileReference; explicitFileType = wrapper.framework; includeInIndex = 0; path = Pods.framework; sourceTree = BUILT_PRODUCTS_DIR; };
		8B5424851BD524CE0093FFAC /* Request.swift */ = {isa = PBXFileReference; fileEncoding = 4; lastKnownFileType = sourcecode.swift; path = Request.swift; sourceTree = "<group>"; };
		8B5424871BD528B10093FFAC /* RequestCustomCell.swift */ = {isa = PBXFileReference; fileEncoding = 4; lastKnownFileType = sourcecode.swift; path = RequestCustomCell.swift; sourceTree = "<group>"; };
		8B54248A1BD52CAB0093FFAC /* RequestListViewController.swift */ = {isa = PBXFileReference; fileEncoding = 4; lastKnownFileType = sourcecode.swift; path = RequestListViewController.swift; sourceTree = "<group>"; };
		8B560C411BCBED2800222729 /* Alamofire.framework */ = {isa = PBXFileReference; lastKnownFileType = wrapper.framework; name = Alamofire.framework; path = "Pods/../build/Release-iphoneos/Alamofire.framework"; sourceTree = "<group>"; };
		8B560C421BCBED2800222729 /* Bolts.framework */ = {isa = PBXFileReference; lastKnownFileType = wrapper.framework; name = Bolts.framework; path = "Pods/../build/Release-iphoneos/Bolts.framework"; sourceTree = "<group>"; };
		8B560C431BCBED2800222729 /* FBSDKCoreKit.framework */ = {isa = PBXFileReference; lastKnownFileType = wrapper.framework; name = FBSDKCoreKit.framework; path = "Pods/../build/Release-iphoneos/FBSDKCoreKit.framework"; sourceTree = "<group>"; };
		8B560C441BCBED2800222729 /* FBSDKLoginKit.framework */ = {isa = PBXFileReference; lastKnownFileType = wrapper.framework; name = FBSDKLoginKit.framework; path = "Pods/../build/Release-iphoneos/FBSDKLoginKit.framework"; sourceTree = "<group>"; };
		8B560C451BCBED2800222729 /* FBSDKShareKit.framework */ = {isa = PBXFileReference; lastKnownFileType = wrapper.framework; name = FBSDKShareKit.framework; path = "Pods/../build/Release-iphoneos/FBSDKShareKit.framework"; sourceTree = "<group>"; };
		8B560C461BCBED2800222729 /* JSQMessagesViewController.framework */ = {isa = PBXFileReference; lastKnownFileType = wrapper.framework; name = JSQMessagesViewController.framework; path = "Pods/../build/Release-iphoneos/JSQMessagesViewController.framework"; sourceTree = "<group>"; };
		8B560C471BCBED2800222729 /* JSQSystemSoundPlayer.framework */ = {isa = PBXFileReference; lastKnownFileType = wrapper.framework; name = JSQSystemSoundPlayer.framework; path = "Pods/../build/Release-iphoneos/JSQSystemSoundPlayer.framework"; sourceTree = "<group>"; };
		8B560C481BCBED2800222729 /* Pods_Tinfinity.framework */ = {isa = PBXFileReference; lastKnownFileType = wrapper.framework; name = Pods_Tinfinity.framework; path = "Pods/../build/Debug-iphoneos/Pods_Tinfinity.framework"; sourceTree = "<group>"; };
		8B560C491BCBED2800222729 /* Pods_TinfinityTests.framework */ = {isa = PBXFileReference; lastKnownFileType = wrapper.framework; name = Pods_TinfinityTests.framework; path = "Pods/../build/Debug-iphoneos/Pods_TinfinityTests.framework"; sourceTree = "<group>"; };
		8B560C4A1BCBED2800222729 /* Socket_IO_Client_Swift.framework */ = {isa = PBXFileReference; lastKnownFileType = wrapper.framework; name = Socket_IO_Client_Swift.framework; path = "Pods/../build/Release-iphoneos/Socket_IO_Client_Swift.framework"; sourceTree = "<group>"; };
		8B560C4B1BCBED2800222729 /* SwiftyJSON.framework */ = {isa = PBXFileReference; lastKnownFileType = wrapper.framework; name = SwiftyJSON.framework; path = "Pods/../build/Release-iphoneos/SwiftyJSON.framework"; sourceTree = "<group>"; };
		8B5F6B741BCAC361008524BD /* DistanceUtil.swift */ = {isa = PBXFileReference; fileEncoding = 4; lastKnownFileType = sourcecode.swift; path = DistanceUtil.swift; sourceTree = "<group>"; };
		8B8865B01BCBB14F00733C38 /* Tinfinity.entitlements */ = {isa = PBXFileReference; lastKnownFileType = text.xml; path = Tinfinity.entitlements; sourceTree = "<group>"; };
		8BE8BA371B9225D800F587EF /* ImageUtil.swift */ = {isa = PBXFileReference; fileEncoding = 4; lastKnownFileType = sourcecode.swift; path = ImageUtil.swift; sourceTree = "<group>"; };
		B71F8283A76D325EC18F1E33 /* Pods.debug.xcconfig */ = {isa = PBXFileReference; includeInIndex = 1; lastKnownFileType = text.xcconfig; name = Pods.debug.xcconfig; path = "Pods/Target Support Files/Pods/Pods.debug.xcconfig"; sourceTree = "<group>"; };
/* End PBXFileReference section */

/* Begin PBXFrameworksBuildPhase section */
		4198ECCE1AD005750048C3A0 /* Frameworks */ = {
			isa = PBXFrameworksBuildPhase;
			buildActionMask = 2147483647;
			files = (
				92972DF2203B1912BF6E606C /* Pods.framework in Frameworks */,
			);
			runOnlyForDeploymentPostprocessing = 0;
		};
		4198ECE31AD005750048C3A0 /* Frameworks */ = {
			isa = PBXFrameworksBuildPhase;
			buildActionMask = 2147483647;
			files = (
			);
			runOnlyForDeploymentPostprocessing = 0;
		};
/* End PBXFrameworksBuildPhase section */

/* Begin PBXGroup section */
		4198ECC81AD005750048C3A0 = {
			isa = PBXGroup;
			children = (
				4198ECD31AD005750048C3A0 /* Tinfinity */,
				4198ECE91AD005750048C3A0 /* TinfinityTests */,
				4198ECD21AD005750048C3A0 /* Products */,
				93D4075F43E8D65AAB48F9B7 /* Pods */,
				BC6AF7D4EBC58139FFDAD7FF /* Frameworks */,
			);
			sourceTree = "<group>";
		};
		4198ECD21AD005750048C3A0 /* Products */ = {
			isa = PBXGroup;
			children = (
				4198ECD11AD005750048C3A0 /* Tinfinity.app */,
				4198ECE61AD005750048C3A0 /* TinfinityTests.xctest */,
			);
			name = Products;
			sourceTree = "<group>";
		};
		4198ECD31AD005750048C3A0 /* Tinfinity */ = {
			isa = PBXGroup;
			children = (
				8B5424891BD52C950093FFAC /* Requests */,
				8B8865B01BCBB14F00733C38 /* Tinfinity.entitlements */,
				51E1227A1B11EE6A0061BD29 /* Tinfinity-Bridging-Header.h */,
				4198ECD61AD005750048C3A0 /* AppDelegate.swift */,
				5122F9E01BB3ED0D008E73EB /* PageViewController.swift */,
				51A5042D1B0F7DB60039E97C /* Chats */,
				8B1957CE1AFFC003003E2F35 /* Models */,
				4198ECD81AD005750048C3A0 /* ViewController.swift */,
				51B1AE3B1AE79178006AE203 /* LoginViewController.swift */,
				51ADDC091B57AF1800873DDB /* Facebook */,
				51AADA981AEE1774007225CD /* ServerAPIController.swift */,
				51930AF81B0C77CC004F4F88 /* SettingsViewController.swift */,
				5135D9E11B42E9700070A560 /* EditProfileViewController.swift */,
				513FFC1B1BCAA0EE00CC1CAB /* ProfileViewController.swift */,
				515572EF1BCA95FA000017A8 /* PhotoItemViewController.swift */,
				51F69F7E1BA05D2F00BF842C /* Main6.storyboard */,
				5101C0D51BCE9CBB00F7FD36 /* Main6p.storyboard */,
				51CEBDD21BA1821E000E9E4B /* Main5.storyboard */,
				4198ECDD1AD005750048C3A0 /* Images.xcassets */,
				4198ECD41AD005750048C3A0 /* Supporting Files */,
				4198ECF81AD033CD0048C3A0 /* Support */,
			);
			path = Tinfinity;
			sourceTree = "<group>";
		};
		4198ECD41AD005750048C3A0 /* Supporting Files */ = {
			isa = PBXGroup;
			children = (
				4198ECD51AD005750048C3A0 /* Info.plist */,
			);
			name = "Supporting Files";
			sourceTree = "<group>";
		};
		4198ECE91AD005750048C3A0 /* TinfinityTests */ = {
			isa = PBXGroup;
			children = (
				4198ECEC1AD005760048C3A0 /* TinfinityTests.swift */,
				4198ECEA1AD005750048C3A0 /* Supporting Files */,
			);
			path = TinfinityTests;
			sourceTree = "<group>";
		};
		4198ECEA1AD005750048C3A0 /* Supporting Files */ = {
			isa = PBXGroup;
			children = (
				4198ECEB1AD005750048C3A0 /* Info.plist */,
			);
			name = "Supporting Files";
			sourceTree = "<group>";
		};
		4198ECF81AD033CD0048C3A0 /* Support */ = {
			isa = PBXGroup;
			children = (
				5113C1DE1B19F1F8007B53AA /* Reachability.swift */,
				4198ECF91AD0343E0048C3A0 /* Crypto.swift */,
				8BE8BA371B9225D800F587EF /* ImageUtil.swift */,
				8B5F6B741BCAC361008524BD /* DistanceUtil.swift */,
				511771CD1BD649280066632B /* FindTopController.swift */,
			);
			name = Support;
			sourceTree = "<group>";
		};
		51A5042D1B0F7DB60039E97C /* Chats */ = {
			isa = PBXGroup;
			children = (
				512ABEF01ADD5B1D004ED28D /* ChatCustomCell.swift */,
				512ABEF11ADD5B1D004ED28D /* ChatListViewController.swift */,
				51A5043A1B11C9D00039E97C /* ChatViewController.swift */,
			);
			name = Chats;
			sourceTree = "<group>";
		};
		51ADDC091B57AF1800873DDB /* Facebook */ = {
			isa = PBXGroup;
			children = (
				51D96C251B4ABC41001A2D29 /* FacebookAPIController.swift */,
				5135D9E31B43E8800070A560 /* FacebookAlbumsViewController.swift */,
				51ADDC0E1B57D4F100873DDB /* PictureCollectionViewCell.swift */,
				516594961BA964FB00C186F0 /* AlbumCustomCell.swift */,
				516C3D5B1B90BB8F003C6CCC /* StructIdImage.swift */,
				5170F32A1B5EA93000779D64 /* PictureDetailViewController.swift */,
				51ADDC0A1B57AF5C00873DDB /* FacebookPhotoCollectionViewController.swift */,
			);
			name = Facebook;
			sourceTree = "<group>";
		};
		8B1957CE1AFFC003003E2F35 /* Models */ = {
			isa = PBXGroup;
			children = (
				518474821B91C0DB0045273E /* ChatsModel.xcdatamodeld */,
				51A504321B0F7F6A0039E97C /* Account.swift */,
				51A5042B1B0F7D670039E97C /* Chat.swift */,
				51AADA9A1AEE2D6F007225CD /* User.swift */,
				51D96C231B4A6C91001A2D29 /* Album.swift */,
				51B1C0811B936A6E00116882 /* UserAnnotation.swift */,
				8B5424851BD524CE0093FFAC /* Request.swift */,
			);
			name = Models;
			sourceTree = "<group>";
		};
		8B5424891BD52C950093FFAC /* Requests */ = {
			isa = PBXGroup;
			children = (
				8B5424871BD528B10093FFAC /* RequestCustomCell.swift */,
				8B54248A1BD52CAB0093FFAC /* RequestListViewController.swift */,
			);
			name = Requests;
			sourceTree = "<group>";
		};
		93D4075F43E8D65AAB48F9B7 /* Pods */ = {
			isa = PBXGroup;
			children = (
				B71F8283A76D325EC18F1E33 /* Pods.debug.xcconfig */,
				5020E30E50F65E7F471C1B85 /* Pods.release.xcconfig */,
			);
			name = Pods;
			sourceTree = "<group>";
		};
		BC6AF7D4EBC58139FFDAD7FF /* Frameworks */ = {
			isa = PBXGroup;
			children = (
				8B560C411BCBED2800222729 /* Alamofire.framework */,
				8B560C421BCBED2800222729 /* Bolts.framework */,
				8B560C431BCBED2800222729 /* FBSDKCoreKit.framework */,
				8B560C441BCBED2800222729 /* FBSDKLoginKit.framework */,
				8B560C451BCBED2800222729 /* FBSDKShareKit.framework */,
				8B560C461BCBED2800222729 /* JSQMessagesViewController.framework */,
				8B560C471BCBED2800222729 /* JSQSystemSoundPlayer.framework */,
				8B560C481BCBED2800222729 /* Pods_Tinfinity.framework */,
				8B560C491BCBED2800222729 /* Pods_TinfinityTests.framework */,
				8B560C4A1BCBED2800222729 /* Socket_IO_Client_Swift.framework */,
				8B560C4B1BCBED2800222729 /* SwiftyJSON.framework */,
				8918A07EDD7E7ADDAFC70793 /* Pods.framework */,
			);
			name = Frameworks;
			sourceTree = "<group>";
		};
/* End PBXGroup section */

/* Begin PBXNativeTarget section */
		4198ECD01AD005750048C3A0 /* Tinfinity */ = {
			isa = PBXNativeTarget;
			buildConfigurationList = 4198ECF01AD005760048C3A0 /* Build configuration list for PBXNativeTarget "Tinfinity" */;
			buildPhases = (
				6BF52E5B4B055B24D11545B8 /* Check Pods Manifest.lock */,
				4198ECCD1AD005750048C3A0 /* Sources */,
				4198ECCE1AD005750048C3A0 /* Frameworks */,
				4198ECCF1AD005750048C3A0 /* Resources */,
				41C44AC01AD2CBD6005E7B42 /* Copy Framework */,
				CDCCEB99007DDCED60F2FF2E /* Embed Pods Frameworks */,
				BA714736C7D7952700034E90 /* Copy Pods Resources */,
			);
			buildRules = (
			);
			dependencies = (
			);
			name = Tinfinity;
			productName = Tinfinity;
			productReference = 4198ECD11AD005750048C3A0 /* Tinfinity.app */;
			productType = "com.apple.product-type.application";
		};
		4198ECE51AD005750048C3A0 /* TinfinityTests */ = {
			isa = PBXNativeTarget;
			buildConfigurationList = 4198ECF31AD005760048C3A0 /* Build configuration list for PBXNativeTarget "TinfinityTests" */;
			buildPhases = (
				4198ECE21AD005750048C3A0 /* Sources */,
				4198ECE31AD005750048C3A0 /* Frameworks */,
				4198ECE41AD005750048C3A0 /* Resources */,
			);
			buildRules = (
			);
			dependencies = (
				4198ECE81AD005750048C3A0 /* PBXTargetDependency */,
			);
			name = TinfinityTests;
			productName = TinfinityTests;
			productReference = 4198ECE61AD005750048C3A0 /* TinfinityTests.xctest */;
			productType = "com.apple.product-type.bundle.unit-test";
		};
/* End PBXNativeTarget section */

/* Begin PBXProject section */
		4198ECC91AD005750048C3A0 /* Project object */ = {
			isa = PBXProject;
			attributes = {
				LastSwiftMigration = 0700;
				LastSwiftUpdateCheck = 0700;
				LastUpgradeCheck = 0700;
				ORGANIZATIONNAME = "Sebastiano Mariani";
				TargetAttributes = {
					4198ECD01AD005750048C3A0 = {
						CreatedOnToolsVersion = 6.2;
						DevelopmentTeam = 56Z6WHJ65V;
						SystemCapabilities = {
							com.apple.Maps.iOS = {
								enabled = 0;
							};
							com.apple.Push = {
								enabled = 1;
							};
							com.apple.iCloud = {
								enabled = 0;
							};
						};
					};
					4198ECE51AD005750048C3A0 = {
						CreatedOnToolsVersion = 6.2;
						TestTargetID = 4198ECD01AD005750048C3A0;
					};
				};
			};
			buildConfigurationList = 4198ECCC1AD005750048C3A0 /* Build configuration list for PBXProject "Tinfinity" */;
			compatibilityVersion = "Xcode 6.3";
			developmentRegion = English;
			hasScannedForEncodings = 0;
			knownRegions = (
				en,
				Base,
			);
			mainGroup = 4198ECC81AD005750048C3A0;
			productRefGroup = 4198ECD21AD005750048C3A0 /* Products */;
			projectDirPath = "";
			projectRoot = "";
			targets = (
				4198ECD01AD005750048C3A0 /* Tinfinity */,
				4198ECE51AD005750048C3A0 /* TinfinityTests */,
			);
		};
/* End PBXProject section */

/* Begin PBXResourcesBuildPhase section */
		4198ECCF1AD005750048C3A0 /* Resources */ = {
			isa = PBXResourcesBuildPhase;
			buildActionMask = 2147483647;
			files = (
				4198ECDE1AD005750048C3A0 /* Images.xcassets in Resources */,
				51CEBDD41BA1821E000E9E4B /* Main5.storyboard in Resources */,
				51F69F861BA05F8900BF842C /* Main6.storyboard in Resources */,
				5101C0D61BCE9CBB00F7FD36 /* Main6p.storyboard in Resources */,
			);
			runOnlyForDeploymentPostprocessing = 0;
		};
		4198ECE41AD005750048C3A0 /* Resources */ = {
			isa = PBXResourcesBuildPhase;
			buildActionMask = 2147483647;
			files = (
			);
			runOnlyForDeploymentPostprocessing = 0;
		};
/* End PBXResourcesBuildPhase section */

/* Begin PBXShellScriptBuildPhase section */
		6BF52E5B4B055B24D11545B8 /* Check Pods Manifest.lock */ = {
			isa = PBXShellScriptBuildPhase;
			buildActionMask = 2147483647;
			files = (
			);
			inputPaths = (
			);
			name = "Check Pods Manifest.lock";
			outputPaths = (
			);
			runOnlyForDeploymentPostprocessing = 0;
			shellPath = /bin/sh;
			shellScript = "diff \"${PODS_ROOT}/../Podfile.lock\" \"${PODS_ROOT}/Manifest.lock\" > /dev/null\nif [[ $? != 0 ]] ; then\n    cat << EOM\nerror: The sandbox is not in sync with the Podfile.lock. Run 'pod install' or update your CocoaPods installation.\nEOM\n    exit 1\nfi\n";
			showEnvVarsInLog = 0;
		};
		BA714736C7D7952700034E90 /* Copy Pods Resources */ = {
			isa = PBXShellScriptBuildPhase;
			buildActionMask = 2147483647;
			files = (
			);
			inputPaths = (
			);
			name = "Copy Pods Resources";
			outputPaths = (
			);
			runOnlyForDeploymentPostprocessing = 0;
			shellPath = /bin/sh;
			shellScript = "\"${SRCROOT}/Pods/Target Support Files/Pods/Pods-resources.sh\"\n";
			showEnvVarsInLog = 0;
		};
		CDCCEB99007DDCED60F2FF2E /* Embed Pods Frameworks */ = {
			isa = PBXShellScriptBuildPhase;
			buildActionMask = 2147483647;
			files = (
			);
			inputPaths = (
			);
			name = "Embed Pods Frameworks";
			outputPaths = (
			);
			runOnlyForDeploymentPostprocessing = 0;
			shellPath = /bin/sh;
			shellScript = "\"${SRCROOT}/Pods/Target Support Files/Pods/Pods-frameworks.sh\"\n";
			showEnvVarsInLog = 0;
		};
/* End PBXShellScriptBuildPhase section */

/* Begin PBXSourcesBuildPhase section */
		4198ECCD1AD005750048C3A0 /* Sources */ = {
			isa = PBXSourcesBuildPhase;
			buildActionMask = 2147483647;
			files = (
				5122F9E11BB3ED0D008E73EB /* PageViewController.swift in Sources */,
				51ADDC0F1B57D4F100873DDB /* PictureCollectionViewCell.swift in Sources */,
				516594971BA964FB00C186F0 /* AlbumCustomCell.swift in Sources */,
				51ADDC0B1B57AF5C00873DDB /* FacebookPhotoCollectionViewController.swift in Sources */,
				8B5424881BD528B10093FFAC /* RequestCustomCell.swift in Sources */,
				515572F01BCA95FA000017A8 /* PhotoItemViewController.swift in Sources */,
				512ABEF31ADD5B1D004ED28D /* ChatListViewController.swift in Sources */,
				5170F32B1B5EA93000779D64 /* PictureDetailViewController.swift in Sources */,
				8B5424861BD524CE0093FFAC /* Request.swift in Sources */,
				8BE8BA381B9225D800F587EF /* ImageUtil.swift in Sources */,
				51D96C241B4A6C91001A2D29 /* Album.swift in Sources */,
				512ABEF21ADD5B1D004ED28D /* ChatCustomCell.swift in Sources */,
				51A504331B0F7F6A0039E97C /* Account.swift in Sources */,
				51D96C261B4ABC42001A2D29 /* FacebookAPIController.swift in Sources */,
				4198ECFA1AD0343E0048C3A0 /* Crypto.swift in Sources */,
				516C3D5C1B90BB8F003C6CCC /* StructIdImage.swift in Sources */,
				51B1AE3C1AE79178006AE203 /* LoginViewController.swift in Sources */,
				51AADA9B1AEE2D6F007225CD /* User.swift in Sources */,
				518474841B91C0DB0045273E /* ChatsModel.xcdatamodeld in Sources */,
				51930AF91B0C77CC004F4F88 /* SettingsViewController.swift in Sources */,
				5135D9E21B42E9700070A560 /* EditProfileViewController.swift in Sources */,
				4198ECD91AD005750048C3A0 /* ViewController.swift in Sources */,
				4198ECD71AD005750048C3A0 /* AppDelegate.swift in Sources */,
				51A5042C1B0F7D670039E97C /* Chat.swift in Sources */,
				8B5F6B751BCAC361008524BD /* DistanceUtil.swift in Sources */,
				51A5043B1B11C9D00039E97C /* ChatViewController.swift in Sources */,
				5113C1DF1B19F1F8007B53AA /* Reachability.swift in Sources */,
				51B1C0821B936A6E00116882 /* UserAnnotation.swift in Sources */,
				513FFC1C1BCAA0EE00CC1CAB /* ProfileViewController.swift in Sources */,
				51AADA991AEE1774007225CD /* ServerAPIController.swift in Sources */,
				511771CE1BD649280066632B /* FindTopController.swift in Sources */,
				8B54248B1BD52CAB0093FFAC /* RequestListViewController.swift in Sources */,
				5135D9E41B43E8800070A560 /* FacebookAlbumsViewController.swift in Sources */,
			);
			runOnlyForDeploymentPostprocessing = 0;
		};
		4198ECE21AD005750048C3A0 /* Sources */ = {
			isa = PBXSourcesBuildPhase;
			buildActionMask = 2147483647;
			files = (
				4198ECED1AD005760048C3A0 /* TinfinityTests.swift in Sources */,
			);
			runOnlyForDeploymentPostprocessing = 0;
		};
/* End PBXSourcesBuildPhase section */

/* Begin PBXTargetDependency section */
		4198ECE81AD005750048C3A0 /* PBXTargetDependency */ = {
			isa = PBXTargetDependency;
			target = 4198ECD01AD005750048C3A0 /* Tinfinity */;
			targetProxy = 4198ECE71AD005750048C3A0 /* PBXContainerItemProxy */;
		};
/* End PBXTargetDependency section */

/* Begin PBXVariantGroup section */
		51CEBDD21BA1821E000E9E4B /* Main5.storyboard */ = {
			isa = PBXVariantGroup;
			children = (
				51CEBDD31BA1821E000E9E4B /* en */,
			);
			name = Main5.storyboard;
			sourceTree = "<group>";
		};
		51F69F7E1BA05D2F00BF842C /* Main6.storyboard */ = {
			isa = PBXVariantGroup;
			children = (
				51F69F841BA05DA900BF842C /* en */,
			);
			name = Main6.storyboard;
			sourceTree = "<group>";
		};
/* End PBXVariantGroup section */

/* Begin XCBuildConfiguration section */
		4198ECEE1AD005760048C3A0 /* Debug */ = {
			isa = XCBuildConfiguration;
			buildSettings = {
				ALWAYS_SEARCH_USER_PATHS = NO;
				CLANG_CXX_LANGUAGE_STANDARD = "gnu++0x";
				CLANG_CXX_LIBRARY = "libc++";
				CLANG_ENABLE_MODULES = YES;
				CLANG_ENABLE_OBJC_ARC = YES;
				CLANG_WARN_BOOL_CONVERSION = YES;
				CLANG_WARN_CONSTANT_CONVERSION = YES;
				CLANG_WARN_DIRECT_OBJC_ISA_USAGE = YES_ERROR;
				CLANG_WARN_EMPTY_BODY = YES;
				CLANG_WARN_ENUM_CONVERSION = YES;
				CLANG_WARN_INT_CONVERSION = YES;
				CLANG_WARN_OBJC_ROOT_CLASS = YES_ERROR;
				CLANG_WARN_UNREACHABLE_CODE = YES;
				CLANG_WARN__DUPLICATE_METHOD_MATCH = YES;
				"CODE_SIGN_IDENTITY[sdk=iphoneos*]" = "iPhone Developer";
				COPY_PHASE_STRIP = NO;
				ENABLE_BITCODE = NO;
				ENABLE_STRICT_OBJC_MSGSEND = YES;
				ENABLE_TESTABILITY = YES;
				GCC_C_LANGUAGE_STANDARD = gnu99;
				GCC_DYNAMIC_NO_PIC = NO;
				GCC_OPTIMIZATION_LEVEL = 0;
				GCC_PREPROCESSOR_DEFINITIONS = (
					"DEBUG=1",
					"$(inherited)",
				);
				GCC_SYMBOLS_PRIVATE_EXTERN = NO;
				GCC_WARN_64_TO_32_BIT_CONVERSION = YES;
				GCC_WARN_ABOUT_RETURN_TYPE = YES_ERROR;
				GCC_WARN_UNDECLARED_SELECTOR = YES;
				GCC_WARN_UNINITIALIZED_AUTOS = YES_AGGRESSIVE;
				GCC_WARN_UNUSED_FUNCTION = YES;
				GCC_WARN_UNUSED_VARIABLE = YES;
				IPHONEOS_DEPLOYMENT_TARGET = 8.2;
				MTL_ENABLE_DEBUG_INFO = YES;
				ONLY_ACTIVE_ARCH = YES;
				SDKROOT = iphoneos;
				SWIFT_OPTIMIZATION_LEVEL = "-Onone";
				TARGETED_DEVICE_FAMILY = "1,2";
			};
			name = Debug;
		};
		4198ECEF1AD005760048C3A0 /* Release */ = {
			isa = XCBuildConfiguration;
			buildSettings = {
				ALWAYS_SEARCH_USER_PATHS = NO;
				CLANG_CXX_LANGUAGE_STANDARD = "gnu++0x";
				CLANG_CXX_LIBRARY = "libc++";
				CLANG_ENABLE_MODULES = YES;
				CLANG_ENABLE_OBJC_ARC = YES;
				CLANG_WARN_BOOL_CONVERSION = YES;
				CLANG_WARN_CONSTANT_CONVERSION = YES;
				CLANG_WARN_DIRECT_OBJC_ISA_USAGE = YES_ERROR;
				CLANG_WARN_EMPTY_BODY = YES;
				CLANG_WARN_ENUM_CONVERSION = YES;
				CLANG_WARN_INT_CONVERSION = YES;
				CLANG_WARN_OBJC_ROOT_CLASS = YES_ERROR;
				CLANG_WARN_UNREACHABLE_CODE = YES;
				CLANG_WARN__DUPLICATE_METHOD_MATCH = YES;
				"CODE_SIGN_IDENTITY[sdk=iphoneos*]" = "iPhone Developer";
				COPY_PHASE_STRIP = NO;
				ENABLE_NS_ASSERTIONS = NO;
				ENABLE_STRICT_OBJC_MSGSEND = YES;
				GCC_C_LANGUAGE_STANDARD = gnu99;
				GCC_WARN_64_TO_32_BIT_CONVERSION = YES;
				GCC_WARN_ABOUT_RETURN_TYPE = YES_ERROR;
				GCC_WARN_UNDECLARED_SELECTOR = YES;
				GCC_WARN_UNINITIALIZED_AUTOS = YES_AGGRESSIVE;
				GCC_WARN_UNUSED_FUNCTION = YES;
				GCC_WARN_UNUSED_VARIABLE = YES;
				IPHONEOS_DEPLOYMENT_TARGET = 8.2;
				MTL_ENABLE_DEBUG_INFO = NO;
				SDKROOT = iphoneos;
				TARGETED_DEVICE_FAMILY = "1,2";
				VALIDATE_PRODUCT = YES;
			};
			name = Release;
		};
		4198ECF11AD005760048C3A0 /* Debug */ = {
			isa = XCBuildConfiguration;
			baseConfigurationReference = B71F8283A76D325EC18F1E33 /* Pods.debug.xcconfig */;
			buildSettings = {
				ASSETCATALOG_COMPILER_APPICON_NAME = AppIcon;
				ASSETCATALOG_COMPILER_LAUNCHIMAGE_NAME = LaunchImage;
				CODE_SIGN_ENTITLEMENTS = Tinfinity/Tinfinity.entitlements;
				CODE_SIGN_IDENTITY = "iPhone Developer";
				"CODE_SIGN_IDENTITY[sdk=iphoneos*]" = "iPhone Developer";
				DEFINES_MODULE = NO;
				ENABLE_BITCODE = NO;
				FRAMEWORK_SEARCH_PATHS = (
					"$(inherited)",
					/Users/SmokingRooster/Documents/FacebookSDK,
					"$(PROJECT_DIR)/build/Debug-iphoneos/Pods",
					"$(PROJECT_DIR)/build/Release-iphoneos",
					"$(PROJECT_DIR)/build/Debug-iphoneos",
				);
				INFOPLIST_FILE = Tinfinity/Info.plist;
				IPHONEOS_DEPLOYMENT_TARGET = 8.4;
				LD_RUNPATH_SEARCH_PATHS = "$(inherited) @executable_path/Frameworks";
				LIBRARY_SEARCH_PATHS = (
					"$(inherited)",
					/Users/SmokingRooster/Documents/FacebookSDK/FBSDKCoreKit.framework,
				);
				PRODUCT_BUNDLE_IDENTIFIER = "Politecnico.$(PRODUCT_NAME:rfc1034identifier)";
				PRODUCT_NAME = "$(TARGET_NAME)";
				PROVISIONING_PROFILE = "";
				SWIFT_INSTALL_OBJC_HEADER = YES;
				SWIFT_OBJC_BRIDGING_HEADER = "Tinfinity/Tinfinity-Bridging-Header.h";
				SWIFT_OBJC_INTERFACE_HEADER_NAME = "";
				TARGETED_DEVICE_FAMILY = 1;
			};
			name = Debug;
		};
		4198ECF21AD005760048C3A0 /* Release */ = {
			isa = XCBuildConfiguration;
			baseConfigurationReference = 5020E30E50F65E7F471C1B85 /* Pods.release.xcconfig */;
			buildSettings = {
				ASSETCATALOG_COMPILER_APPICON_NAME = AppIcon;
				ASSETCATALOG_COMPILER_LAUNCHIMAGE_NAME = LaunchImage;
				CODE_SIGN_ENTITLEMENTS = Tinfinity/Tinfinity.entitlements;
				CODE_SIGN_IDENTITY = "iPhone Developer";
				"CODE_SIGN_IDENTITY[sdk=iphoneos*]" = "iPhone Developer";
				DEFINES_MODULE = NO;
				ENABLE_BITCODE = YES;
				FRAMEWORK_SEARCH_PATHS = (
					"$(inherited)",
					/Users/SmokingRooster/Documents/FacebookSDK,
					"$(PROJECT_DIR)/build/Debug-iphoneos/Pods",
					"$(PROJECT_DIR)/build/Release-iphoneos",
					"$(PROJECT_DIR)/build/Debug-iphoneos",
				);
				INFOPLIST_FILE = Tinfinity/Info.plist;
				IPHONEOS_DEPLOYMENT_TARGET = 8.4;
				LD_RUNPATH_SEARCH_PATHS = "$(inherited) @executable_path/Frameworks";
				LIBRARY_SEARCH_PATHS = (
					"$(inherited)",
					/Users/SmokingRooster/Documents/FacebookSDK/FBSDKCoreKit.framework,
				);
				PRODUCT_BUNDLE_IDENTIFIER = "Politecnico.$(PRODUCT_NAME:rfc1034identifier)";
				PRODUCT_NAME = "$(TARGET_NAME)";
				PROVISIONING_PROFILE = "";
				SWIFT_INSTALL_OBJC_HEADER = YES;
				SWIFT_OBJC_BRIDGING_HEADER = "Tinfinity/Tinfinity-Bridging-Header.h";
				SWIFT_OBJC_INTERFACE_HEADER_NAME = "";
				TARGETED_DEVICE_FAMILY = 1;
			};
			name = Release;
		};
		4198ECF41AD005760048C3A0 /* Debug */ = {
			isa = XCBuildConfiguration;
			buildSettings = {
				BUNDLE_LOADER = "$(TEST_HOST)";
				FRAMEWORK_SEARCH_PATHS = (
					"$(SDKROOT)/Developer/Library/Frameworks",
					"$(inherited)",
				);
				GCC_PREPROCESSOR_DEFINITIONS = (
					"DEBUG=1",
					"$(inherited)",
				);
				INFOPLIST_FILE = TinfinityTests/Info.plist;
				LD_RUNPATH_SEARCH_PATHS = "$(inherited) @executable_path/Frameworks @loader_path/Frameworks";
				PRODUCT_BUNDLE_IDENTIFIER = "Politectnico.$(PRODUCT_NAME:rfc1034identifier)";
				PRODUCT_NAME = "$(TARGET_NAME)";
				TEST_HOST = "$(BUILT_PRODUCTS_DIR)/Tinfinity.app/Tinfinity";
			};
			name = Debug;
		};
		4198ECF51AD005760048C3A0 /* Release */ = {
			isa = XCBuildConfiguration;
			buildSettings = {
				BUNDLE_LOADER = "$(TEST_HOST)";
				FRAMEWORK_SEARCH_PATHS = (
					"$(SDKROOT)/Developer/Library/Frameworks",
					"$(inherited)",
				);
				INFOPLIST_FILE = TinfinityTests/Info.plist;
				LD_RUNPATH_SEARCH_PATHS = "$(inherited) @executable_path/Frameworks @loader_path/Frameworks";
				PRODUCT_BUNDLE_IDENTIFIER = "Politectnico.$(PRODUCT_NAME:rfc1034identifier)";
				PRODUCT_NAME = "$(TARGET_NAME)";
				TEST_HOST = "$(BUILT_PRODUCTS_DIR)/Tinfinity.app/Tinfinity";
			};
			name = Release;
		};
/* End XCBuildConfiguration section */

/* Begin XCConfigurationList section */
		4198ECCC1AD005750048C3A0 /* Build configuration list for PBXProject "Tinfinity" */ = {
			isa = XCConfigurationList;
			buildConfigurations = (
				4198ECEE1AD005760048C3A0 /* Debug */,
				4198ECEF1AD005760048C3A0 /* Release */,
			);
			defaultConfigurationIsVisible = 0;
			defaultConfigurationName = Release;
		};
		4198ECF01AD005760048C3A0 /* Build configuration list for PBXNativeTarget "Tinfinity" */ = {
			isa = XCConfigurationList;
			buildConfigurations = (
				4198ECF11AD005760048C3A0 /* Debug */,
				4198ECF21AD005760048C3A0 /* Release */,
			);
			defaultConfigurationIsVisible = 0;
			defaultConfigurationName = Release;
		};
		4198ECF31AD005760048C3A0 /* Build configuration list for PBXNativeTarget "TinfinityTests" */ = {
			isa = XCConfigurationList;
			buildConfigurations = (
				4198ECF41AD005760048C3A0 /* Debug */,
				4198ECF51AD005760048C3A0 /* Release */,
			);
			defaultConfigurationIsVisible = 0;
			defaultConfigurationName = Release;
		};
/* End XCConfigurationList section */

/* Begin XCVersionGroup section */
		518474821B91C0DB0045273E /* ChatsModel.xcdatamodeld */ = {
			isa = XCVersionGroup;
			children = (
				518474831B91C0DB0045273E /* ChatsModel.xcdatamodel */,
			);
			currentVersion = 518474831B91C0DB0045273E /* ChatsModel.xcdatamodel */;
			path = ChatsModel.xcdatamodeld;
			sourceTree = "<group>";
			versionGroupType = wrapper.xcdatamodel;
		};
/* End XCVersionGroup section */
	};
	rootObject = 4198ECC91AD005750048C3A0 /* Project object */;
}
