// !$*UTF8*$!
{
	archiveVersion = 1;
	classes = {
	};
	objectVersion = 46;
	objects = {

/* Begin PBXBuildFile section */
		4198ECD71AD005750048C3A0 /* AppDelegate.swift in Sources */ = {isa = PBXBuildFile; fileRef = 4198ECD61AD005750048C3A0 /* AppDelegate.swift */; };
		4198ECD91AD005750048C3A0 /* ViewController.swift in Sources */ = {isa = PBXBuildFile; fileRef = 4198ECD81AD005750048C3A0 /* ViewController.swift */; };
		4198ECDC1AD005750048C3A0 /* Main.storyboard in Resources */ = {isa = PBXBuildFile; fileRef = 4198ECDA1AD005750048C3A0 /* Main.storyboard */; };
		4198ECDE1AD005750048C3A0 /* Images.xcassets in Resources */ = {isa = PBXBuildFile; fileRef = 4198ECDD1AD005750048C3A0 /* Images.xcassets */; };
		4198ECED1AD005760048C3A0 /* TinfinityTests.swift in Sources */ = {isa = PBXBuildFile; fileRef = 4198ECEC1AD005760048C3A0 /* TinfinityTests.swift */; };
		4198ECFA1AD0343E0048C3A0 /* Crypto.swift in Sources */ = {isa = PBXBuildFile; fileRef = 4198ECF91AD0343E0048C3A0 /* Crypto.swift */; };
		512ABEF21ADD5B1D004ED28D /* ChatCustomCell.swift in Sources */ = {isa = PBXBuildFile; fileRef = 512ABEF01ADD5B1D004ED28D /* ChatCustomCell.swift */; };
		512ABEF31ADD5B1D004ED28D /* ChatListViewController.swift in Sources */ = {isa = PBXBuildFile; fileRef = 512ABEF11ADD5B1D004ED28D /* ChatListViewController.swift */; };
		512ABEF51ADD5B50004ED28D /* Chat.swift in Sources */ = {isa = PBXBuildFile; fileRef = 512ABEF41ADD5B50004ED28D /* Chat.swift */; };
		51AADA951AECDF07007225CD /* SettingsViewController.swift in Sources */ = {isa = PBXBuildFile; fileRef = 51AADA941AECDF07007225CD /* SettingsViewController.swift */; };
		51AADA991AEE1774007225CD /* ServerAPIController.swift in Sources */ = {isa = PBXBuildFile; fileRef = 51AADA981AEE1774007225CD /* ServerAPIController.swift */; };
		51AADA9B1AEE2D6F007225CD /* UserProfile.swift in Sources */ = {isa = PBXBuildFile; fileRef = 51AADA9A1AEE2D6F007225CD /* UserProfile.swift */; };
		51B1AE3C1AE79178006AE203 /* LoginViewController.swift in Sources */ = {isa = PBXBuildFile; fileRef = 51B1AE3B1AE79178006AE203 /* LoginViewController.swift */; };
		8B9460B81AFFD00B00B00CDE /* ChatManager.swift in Sources */ = {isa = PBXBuildFile; fileRef = 8B9460B71AFFD00B00B00CDE /* ChatManager.swift */; };
		8B9460BA1AFFD03A00B00CDE /* ChatComunication.swift in Sources */ = {isa = PBXBuildFile; fileRef = 8B9460B91AFFD03A00B00CDE /* ChatComunication.swift */; };
		8BD6D7A41AFF9F04000F7B7D /* HttpReqWrapper.swift in Sources */ = {isa = PBXBuildFile; fileRef = 8BD6D7A31AFF9F04000F7B7D /* HttpReqWrapper.swift */; };
		92972DF2203B1912BF6E606C /* Pods.framework in Frameworks */ = {isa = PBXBuildFile; fileRef = 8918A07EDD7E7ADDAFC70793 /* Pods.framework */; settings = {ATTRIBUTES = (Weak, ); }; };
/* End PBXBuildFile section */

/* Begin PBXContainerItemProxy section */
		4198ECE71AD005750048C3A0 /* PBXContainerItemProxy */ = {
			isa = PBXContainerItemProxy;
			containerPortal = 4198ECC91AD005750048C3A0 /* Project object */;
			proxyType = 1;
			remoteGlobalIDString = 4198ECD01AD005750048C3A0;
			remoteInfo = Tinfinity;
		};
/* End PBXContainerItemProxy section */

/* Begin PBXCopyFilesBuildPhase section */
		41C44AC01AD2CBD6005E7B42 /* Copy Framework */ = {
			isa = PBXCopyFilesBuildPhase;
			buildActionMask = 2147483647;
			dstPath = "";
			dstSubfolderSpec = 10;
			files = (
			);
			name = "Copy Framework";
			runOnlyForDeploymentPostprocessing = 0;
		};
/* End PBXCopyFilesBuildPhase section */

/* Begin PBXFileReference section */
		4198ECD11AD005750048C3A0 /* Tinfinity.app */ = {isa = PBXFileReference; explicitFileType = wrapper.application; includeInIndex = 0; path = Tinfinity.app; sourceTree = BUILT_PRODUCTS_DIR; };
		4198ECD51AD005750048C3A0 /* Info.plist */ = {isa = PBXFileReference; lastKnownFileType = text.plist.xml; path = Info.plist; sourceTree = "<group>"; };
		4198ECD61AD005750048C3A0 /* AppDelegate.swift */ = {isa = PBXFileReference; lastKnownFileType = sourcecode.swift; path = AppDelegate.swift; sourceTree = "<group>"; };
		4198ECD81AD005750048C3A0 /* ViewController.swift */ = {isa = PBXFileReference; lastKnownFileType = sourcecode.swift; path = ViewController.swift; sourceTree = "<group>"; };
		4198ECDB1AD005750048C3A0 /* Base */ = {isa = PBXFileReference; lastKnownFileType = file.storyboard; name = Base; path = Base.lproj/Main.storyboard; sourceTree = "<group>"; };
		4198ECDD1AD005750048C3A0 /* Images.xcassets */ = {isa = PBXFileReference; lastKnownFileType = folder.assetcatalog; path = Images.xcassets; sourceTree = "<group>"; };
		4198ECE61AD005750048C3A0 /* TinfinityTests.xctest */ = {isa = PBXFileReference; explicitFileType = wrapper.cfbundle; includeInIndex = 0; path = TinfinityTests.xctest; sourceTree = BUILT_PRODUCTS_DIR; };
		4198ECEB1AD005750048C3A0 /* Info.plist */ = {isa = PBXFileReference; lastKnownFileType = text.plist.xml; path = Info.plist; sourceTree = "<group>"; };
		4198ECEC1AD005760048C3A0 /* TinfinityTests.swift */ = {isa = PBXFileReference; lastKnownFileType = sourcecode.swift; path = TinfinityTests.swift; sourceTree = "<group>"; };
		4198ECF91AD0343E0048C3A0 /* Crypto.swift */ = {isa = PBXFileReference; fileEncoding = 4; lastKnownFileType = sourcecode.swift; path = Crypto.swift; sourceTree = "<group>"; };
		5020E30E50F65E7F471C1B85 /* Pods.release.xcconfig */ = {isa = PBXFileReference; includeInIndex = 1; lastKnownFileType = text.xcconfig; name = Pods.release.xcconfig; path = "Pods/Target Support Files/Pods/Pods.release.xcconfig"; sourceTree = "<group>"; };
		512ABEF01ADD5B1D004ED28D /* ChatCustomCell.swift */ = {isa = PBXFileReference; fileEncoding = 4; lastKnownFileType = sourcecode.swift; path = ChatCustomCell.swift; sourceTree = "<group>"; };
		512ABEF11ADD5B1D004ED28D /* ChatListViewController.swift */ = {isa = PBXFileReference; fileEncoding = 4; lastKnownFileType = sourcecode.swift; path = ChatListViewController.swift; sourceTree = "<group>"; };
		512ABEF41ADD5B50004ED28D /* Chat.swift */ = {isa = PBXFileReference; fileEncoding = 4; lastKnownFileType = sourcecode.swift; path = Chat.swift; sourceTree = "<group>"; };
		51AADA941AECDF07007225CD /* SettingsViewController.swift */ = {isa = PBXFileReference; fileEncoding = 4; lastKnownFileType = sourcecode.swift; path = SettingsViewController.swift; sourceTree = "<group>"; };
		51AADA981AEE1774007225CD /* ServerAPIController.swift */ = {isa = PBXFileReference; fileEncoding = 4; lastKnownFileType = sourcecode.swift; path = ServerAPIController.swift; sourceTree = "<group>"; };
		51AADA9A1AEE2D6F007225CD /* UserProfile.swift */ = {isa = PBXFileReference; fileEncoding = 4; lastKnownFileType = sourcecode.swift; path = UserProfile.swift; sourceTree = "<group>"; };
		51B1AE3B1AE79178006AE203 /* LoginViewController.swift */ = {isa = PBXFileReference; fileEncoding = 4; lastKnownFileType = sourcecode.swift; path = LoginViewController.swift; sourceTree = "<group>"; };
		8918A07EDD7E7ADDAFC70793 /* Pods.framework */ = {isa = PBXFileReference; explicitFileType = wrapper.framework; includeInIndex = 0; path = Pods.framework; sourceTree = BUILT_PRODUCTS_DIR; };
		8B9460B71AFFD00B00B00CDE /* ChatManager.swift */ = {isa = PBXFileReference; fileEncoding = 4; lastKnownFileType = sourcecode.swift; path = ChatManager.swift; sourceTree = "<group>"; };
		8B9460B91AFFD03A00B00CDE /* ChatComunication.swift */ = {isa = PBXFileReference; fileEncoding = 4; lastKnownFileType = sourcecode.swift; path = ChatComunication.swift; sourceTree = "<group>"; };
		8BD6D7A31AFF9F04000F7B7D /* HttpReqWrapper.swift */ = {isa = PBXFileReference; fileEncoding = 4; lastKnownFileType = sourcecode.swift; path = HttpReqWrapper.swift; sourceTree = "<group>"; };
		B71F8283A76D325EC18F1E33 /* Pods.debug.xcconfig */ = {isa = PBXFileReference; includeInIndex = 1; lastKnownFileType = text.xcconfig; name = Pods.debug.xcconfig; path = "Pods/Target Support Files/Pods/Pods.debug.xcconfig"; sourceTree = "<group>"; };
/* End PBXFileReference section */

/* Begin PBXFrameworksBuildPhase section */
		4198ECCE1AD005750048C3A0 /* Frameworks */ = {
			isa = PBXFrameworksBuildPhase;
			buildActionMask = 2147483647;
			files = (
				92972DF2203B1912BF6E606C /* Pods.framework in Frameworks */,
			);
			runOnlyForDeploymentPostprocessing = 0;
		};
		4198ECE31AD005750048C3A0 /* Frameworks */ = {
			isa = PBXFrameworksBuildPhase;
			buildActionMask = 2147483647;
			files = (
			);
			runOnlyForDeploymentPostprocessing = 0;
		};
/* End PBXFrameworksBuildPhase section */

/* Begin PBXGroup section */
		4198ECC81AD005750048C3A0 = {
			isa = PBXGroup;
			children = (
				4198ECD31AD005750048C3A0 /* Tinfinity */,
				4198ECE91AD005750048C3A0 /* TinfinityTests */,
				4198ECD21AD005750048C3A0 /* Products */,
				93D4075F43E8D65AAB48F9B7 /* Pods */,
				BC6AF7D4EBC58139FFDAD7FF /* Frameworks */,
			);
			sourceTree = "<group>";
		};
		4198ECD21AD005750048C3A0 /* Products */ = {
			isa = PBXGroup;
			children = (
				4198ECD11AD005750048C3A0 /* Tinfinity.app */,
				4198ECE61AD005750048C3A0 /* TinfinityTests.xctest */,
			);
			name = Products;
			sourceTree = "<group>";
		};
		4198ECD31AD005750048C3A0 /* Tinfinity */ = {
			isa = PBXGroup;
			children = (
				8B1957CE1AFFC003003E2F35 /* Models */,
				4198ECD61AD005750048C3A0 /* AppDelegate.swift */,
				4198ECD81AD005750048C3A0 /* ViewController.swift */,
				51AADA941AECDF07007225CD /* SettingsViewController.swift */,
				51B1AE3B1AE79178006AE203 /* LoginViewController.swift */,
				51AADA981AEE1774007225CD /* ServerAPIController.swift */,
				512ABEF01ADD5B1D004ED28D /* ChatCustomCell.swift */,
				512ABEF11ADD5B1D004ED28D /* ChatListViewController.swift */,
				4198ECDA1AD005750048C3A0 /* Main.storyboard */,
				4198ECDD1AD005750048C3A0 /* Images.xcassets */,
				4198ECD41AD005750048C3A0 /* Supporting Files */,
				4198ECF81AD033CD0048C3A0 /* Support */,
			);
			path = Tinfinity;
			sourceTree = "<group>";
		};
		4198ECD41AD005750048C3A0 /* Supporting Files */ = {
			isa = PBXGroup;
			children = (
				4198ECD51AD005750048C3A0 /* Info.plist */,
			);
			name = "Supporting Files";
			sourceTree = "<group>";
		};
		4198ECE91AD005750048C3A0 /* TinfinityTests */ = {
			isa = PBXGroup;
			children = (
				4198ECEC1AD005760048C3A0 /* TinfinityTests.swift */,
				4198ECEA1AD005750048C3A0 /* Supporting Files */,
			);
			path = TinfinityTests;
			sourceTree = "<group>";
		};
		4198ECEA1AD005750048C3A0 /* Supporting Files */ = {
			isa = PBXGroup;
			children = (
				4198ECEB1AD005750048C3A0 /* Info.plist */,
			);
			name = "Supporting Files";
			sourceTree = "<group>";
		};
		4198ECF81AD033CD0048C3A0 /* Support */ = {
			isa = PBXGroup;
			children = (
				8B9460B91AFFD03A00B00CDE /* ChatComunication.swift */,
				8B9460B71AFFD00B00B00CDE /* ChatManager.swift */,
				8BD6D7A31AFF9F04000F7B7D /* HttpReqWrapper.swift */,
				4198ECF91AD0343E0048C3A0 /* Crypto.swift */,
			);
			name = Support;
			sourceTree = "<group>";
		};
		8B1957CE1AFFC003003E2F35 /* Models */ = {
			isa = PBXGroup;
			children = (
				512ABEF41ADD5B50004ED28D /* Chat.swift */,
				51AADA9A1AEE2D6F007225CD /* UserProfile.swift */,
			);
			name = Models;
			sourceTree = "<group>";
		};
		93D4075F43E8D65AAB48F9B7 /* Pods */ = {
			isa = PBXGroup;
			children = (
				B71F8283A76D325EC18F1E33 /* Pods.debug.xcconfig */,
				5020E30E50F65E7F471C1B85 /* Pods.release.xcconfig */,
			);
			name = Pods;
			sourceTree = "<group>";
		};
		BC6AF7D4EBC58139FFDAD7FF /* Frameworks */ = {
			isa = PBXGroup;
			children = (
				8918A07EDD7E7ADDAFC70793 /* Pods.framework */,
			);
			name = Frameworks;
			sourceTree = "<group>";
		};
/* End PBXGroup section */

/* Begin PBXNativeTarget section */
		4198ECD01AD005750048C3A0 /* Tinfinity */ = {
			isa = PBXNativeTarget;
			buildConfigurationList = 4198ECF01AD005760048C3A0 /* Build configuration list for PBXNativeTarget "Tinfinity" */;
			buildPhases = (
				6BF52E5B4B055B24D11545B8 /* Check Pods Manifest.lock */,
				4198ECCD1AD005750048C3A0 /* Sources */,
				4198ECCE1AD005750048C3A0 /* Frameworks */,
				4198ECCF1AD005750048C3A0 /* Resources */,
				41C44AC01AD2CBD6005E7B42 /* Copy Framework */,
				CDCCEB99007DDCED60F2FF2E /* Embed Pods Frameworks */,
				BA714736C7D7952700034E90 /* Copy Pods Resources */,
			);
			buildRules = (
			);
			dependencies = (
			);
			name = Tinfinity;
			productName = Tinfinity;
			productReference = 4198ECD11AD005750048C3A0 /* Tinfinity.app */;
			productType = "com.apple.product-type.application";
		};
		4198ECE51AD005750048C3A0 /* TinfinityTests */ = {
			isa = PBXNativeTarget;
			buildConfigurationList = 4198ECF31AD005760048C3A0 /* Build configuration list for PBXNativeTarget "TinfinityTests" */;
			buildPhases = (
				4198ECE21AD005750048C3A0 /* Sources */,
				4198ECE31AD005750048C3A0 /* Frameworks */,
				4198ECE41AD005750048C3A0 /* Resources */,
			);
			buildRules = (
			);
			dependencies = (
				4198ECE81AD005750048C3A0 /* PBXTargetDependency */,
			);
			name = TinfinityTests;
			productName = TinfinityTests;
			productReference = 4198ECE61AD005750048C3A0 /* TinfinityTests.xctest */;
			productType = "com.apple.product-type.bundle.unit-test";
		};
/* End PBXNativeTarget section */

/* Begin PBXProject section */
		4198ECC91AD005750048C3A0 /* Project object */ = {
			isa = PBXProject;
			attributes = {
				LastUpgradeCheck = 0620;
				ORGANIZATIONNAME = "Sebastiano Mariani";
				TargetAttributes = {
					4198ECD01AD005750048C3A0 = {
						CreatedOnToolsVersion = 6.2;
						DevelopmentTeam = 56Z6WHJ65V;
					};
					4198ECE51AD005750048C3A0 = {
						CreatedOnToolsVersion = 6.2;
						TestTargetID = 4198ECD01AD005750048C3A0;
					};
				};
			};
			buildConfigurationList = 4198ECCC1AD005750048C3A0 /* Build configuration list for PBXProject "Tinfinity" */;
			compatibilityVersion = "Xcode 3.2";
			developmentRegion = English;
			hasScannedForEncodings = 0;
			knownRegions = (
				en,
				Base,
			);
			mainGroup = 4198ECC81AD005750048C3A0;
			productRefGroup = 4198ECD21AD005750048C3A0 /* Products */;
			projectDirPath = "";
			projectRoot = "";
			targets = (
				4198ECD01AD005750048C3A0 /* Tinfinity */,
				4198ECE51AD005750048C3A0 /* TinfinityTests */,
			);
		};
/* End PBXProject section */

/* Begin PBXResourcesBuildPhase section */
		4198ECCF1AD005750048C3A0 /* Resources */ = {
			isa = PBXResourcesBuildPhase;
			buildActionMask = 2147483647;
			files = (
				4198ECDC1AD005750048C3A0 /* Main.storyboard in Resources */,
				4198ECDE1AD005750048C3A0 /* Images.xcassets in Resources */,
			);
			runOnlyForDeploymentPostprocessing = 0;
		};
		4198ECE41AD005750048C3A0 /* Resources */ = {
			isa = PBXResourcesBuildPhase;
			buildActionMask = 2147483647;
			files = (
			);
			runOnlyForDeploymentPostprocessing = 0;
		};
/* End PBXResourcesBuildPhase section */

/* Begin PBXShellScriptBuildPhase section */
		6BF52E5B4B055B24D11545B8 /* Check Pods Manifest.lock */ = {
			isa = PBXShellScriptBuildPhase;
			buildActionMask = 2147483647;
			files = (
			);
			inputPaths = (
			);
			name = "Check Pods Manifest.lock";
			outputPaths = (
			);
			runOnlyForDeploymentPostprocessing = 0;
			shellPath = /bin/sh;
			shellScript = "diff \"${PODS_ROOT}/../Podfile.lock\" \"${PODS_ROOT}/Manifest.lock\" > /dev/null\nif [[ $? != 0 ]] ; then\n    cat << EOM\nerror: The sandbox is not in sync with the Podfile.lock. Run 'pod install' or update your CocoaPods installation.\nEOM\n    exit 1\nfi\n";
			showEnvVarsInLog = 0;
		};
		BA714736C7D7952700034E90 /* Copy Pods Resources */ = {
			isa = PBXShellScriptBuildPhase;
			buildActionMask = 2147483647;
			files = (
			);
			inputPaths = (
			);
			name = "Copy Pods Resources";
			outputPaths = (
			);
			runOnlyForDeploymentPostprocessing = 0;
			shellPath = /bin/sh;
			shellScript = "\"${SRCROOT}/Pods/Target Support Files/Pods/Pods-resources.sh\"\n";
			showEnvVarsInLog = 0;
		};
		CDCCEB99007DDCED60F2FF2E /* Embed Pods Frameworks */ = {
			isa = PBXShellScriptBuildPhase;
			buildActionMask = 2147483647;
			files = (
			);
			inputPaths = (
			);
			name = "Embed Pods Frameworks";
			outputPaths = (
			);
			runOnlyForDeploymentPostprocessing = 0;
			shellPath = /bin/sh;
			shellScript = "\"${SRCROOT}/Pods/Target Support Files/Pods/Pods-frameworks.sh\"\n";
			showEnvVarsInLog = 0;
		};
/* End PBXShellScriptBuildPhase section */

/* Begin PBXSourcesBuildPhase section */
		4198ECCD1AD005750048C3A0 /* Sources */ = {
			isa = PBXSourcesBuildPhase;
			buildActionMask = 2147483647;
			files = (
				8BD6D7A41AFF9F04000F7B7D /* HttpReqWrapper.swift in Sources */,
				512ABEF31ADD5B1D004ED28D /* ChatListViewController.swift in Sources */,
				512ABEF21ADD5B1D004ED28D /* ChatCustomCell.swift in Sources */,
				8B9460B81AFFD00B00B00CDE /* ChatManager.swift in Sources */,
				512ABEF51ADD5B50004ED28D /* Chat.swift in Sources */,
				4198ECFA1AD0343E0048C3A0 /* Crypto.swift in Sources */,
				51B1AE3C1AE79178006AE203 /* LoginViewController.swift in Sources */,
				51AADA9B1AEE2D6F007225CD /* UserProfile.swift in Sources */,
				8B9460BA1AFFD03A00B00CDE /* ChatComunication.swift in Sources */,
				4198ECD91AD005750048C3A0 /* ViewController.swift in Sources */,
				4198ECD71AD005750048C3A0 /* AppDelegate.swift in Sources */,
				51AADA991AEE1774007225CD /* ServerAPIController.swift in Sources */,
				51AADA951AECDF07007225CD /* SettingsViewController.swift in Sources */,
			);
			runOnlyForDeploymentPostprocessing = 0;
		};
		4198ECE21AD005750048C3A0 /* Sources */ = {
			isa = PBXSourcesBuildPhase;
			buildActionMask = 2147483647;
			files = (
				4198ECED1AD005760048C3A0 /* TinfinityTests.swift in Sources */,
			);
			runOnlyForDeploymentPostprocessing = 0;
		};
/* End PBXSourcesBuildPhase section */

/* Begin PBXTargetDependency section */
		4198ECE81AD005750048C3A0 /* PBXTargetDependency */ = {
			isa = PBXTargetDependency;
			target = 4198ECD01AD005750048C3A0 /* Tinfinity */;
			targetProxy = 4198ECE71AD005750048C3A0 /* PBXContainerItemProxy */;
		};
/* End PBXTargetDependency section */

/* Begin PBXVariantGroup section */
		4198ECDA1AD005750048C3A0 /* Main.storyboard */ = {
			isa = PBXVariantGroup;
			children = (
				4198ECDB1AD005750048C3A0 /* Base */,
			);
			name = Main.storyboard;
			sourceTree = "<group>";
		};
/* End PBXVariantGroup section */

/* Begin XCBuildConfiguration section */
		4198ECEE1AD005760048C3A0 /* Debug */ = {
			isa = XCBuildConfiguration;
			buildSettings = {
				ALWAYS_SEARCH_USER_PATHS = NO;
				CLANG_CXX_LANGUAGE_STANDARD = "gnu++0x";
				CLANG_CXX_LIBRARY = "libc++";
				CLANG_ENABLE_MODULES = YES;
				CLANG_ENABLE_OBJC_ARC = YES;
				CLANG_WARN_BOOL_CONVERSION = YES;
				CLANG_WARN_CONSTANT_CONVERSION = YES;
				CLANG_WARN_DIRECT_OBJC_ISA_USAGE = YES_ERROR;
				CLANG_WARN_EMPTY_BODY = YES;
				CLANG_WARN_ENUM_CONVERSION = YES;
				CLANG_WARN_INT_CONVERSION = YES;
				CLANG_WARN_OBJC_ROOT_CLASS = YES_ERROR;
				CLANG_WARN_UNREACHABLE_CODE = YES;
				CLANG_WARN__DUPLICATE_METHOD_MATCH = YES;
				"CODE_SIGN_IDENTITY[sdk=iphoneos*]" = "iPhone Developer";
				COPY_PHASE_STRIP = NO;
				ENABLE_STRICT_OBJC_MSGSEND = YES;
				GCC_C_LANGUAGE_STANDARD = gnu99;
				GCC_DYNAMIC_NO_PIC = NO;
				GCC_OPTIMIZATION_LEVEL = 0;
				GCC_PREPROCESSOR_DEFINITIONS = (
					"DEBUG=1",
					"$(inherited)",
				);
				GCC_SYMBOLS_PRIVATE_EXTERN = NO;
				GCC_WARN_64_TO_32_BIT_CONVERSION = YES;
				GCC_WARN_ABOUT_RETURN_TYPE = YES_ERROR;
				GCC_WARN_UNDECLARED_SELECTOR = YES;
				GCC_WARN_UNINITIALIZED_AUTOS = YES_AGGRESSIVE;
				GCC_WARN_UNUSED_FUNCTION = YES;
				GCC_WARN_UNUSED_VARIABLE = YES;
				IPHONEOS_DEPLOYMENT_TARGET = 8.2;
				MTL_ENABLE_DEBUG_INFO = YES;
				ONLY_ACTIVE_ARCH = YES;
				SDKROOT = iphoneos;
				SWIFT_OPTIMIZATION_LEVEL = "-Onone";
				TARGETED_DEVICE_FAMILY = "1,2";
			};
			name = Debug;
		};
		4198ECEF1AD005760048C3A0 /* Release */ = {
			isa = XCBuildConfiguration;
			buildSettings = {
				ALWAYS_SEARCH_USER_PATHS = NO;
				CLANG_CXX_LANGUAGE_STANDARD = "gnu++0x";
				CLANG_CXX_LIBRARY = "libc++";
				CLANG_ENABLE_MODULES = YES;
				CLANG_ENABLE_OBJC_ARC = YES;
				CLANG_WARN_BOOL_CONVERSION = YES;
				CLANG_WARN_CONSTANT_CONVERSION = YES;
				CLANG_WARN_DIRECT_OBJC_ISA_USAGE = YES_ERROR;
				CLANG_WARN_EMPTY_BODY = YES;
				CLANG_WARN_ENUM_CONVERSION = YES;
				CLANG_WARN_INT_CONVERSION = YES;
				CLANG_WARN_OBJC_ROOT_CLASS = YES_ERROR;
				CLANG_WARN_UNREACHABLE_CODE = YES;
				CLANG_WARN__DUPLICATE_METHOD_MATCH = YES;
				"CODE_SIGN_IDENTITY[sdk=iphoneos*]" = "iPhone Developer";
				COPY_PHASE_STRIP = NO;
				ENABLE_NS_ASSERTIONS = NO;
				ENABLE_STRICT_OBJC_MSGSEND = YES;
				GCC_C_LANGUAGE_STANDARD = gnu99;
				GCC_WARN_64_TO_32_BIT_CONVERSION = YES;
				GCC_WARN_ABOUT_RETURN_TYPE = YES_ERROR;
				GCC_WARN_UNDECLARED_SELECTOR = YES;
				GCC_WARN_UNINITIALIZED_AUTOS = YES_AGGRESSIVE;
				GCC_WARN_UNUSED_FUNCTION = YES;
				GCC_WARN_UNUSED_VARIABLE = YES;
				IPHONEOS_DEPLOYMENT_TARGET = 8.2;
				MTL_ENABLE_DEBUG_INFO = NO;
				SDKROOT = iphoneos;
				TARGETED_DEVICE_FAMILY = "1,2";
				VALIDATE_PRODUCT = YES;
			};
			name = Release;
		};
		4198ECF11AD005760048C3A0 /* Debug */ = {
			isa = XCBuildConfiguration;
			baseConfigurationReference = B71F8283A76D325EC18F1E33 /* Pods.debug.xcconfig */;
			buildSettings = {
				ASSETCATALOG_COMPILER_APPICON_NAME = AppIcon;
				ASSETCATALOG_COMPILER_LAUNCHIMAGE_NAME = LaunchImage;
				CODE_SIGN_IDENTITY = "iPhone Developer";
				FRAMEWORK_SEARCH_PATHS = (
					"$(inherited)",
					/Users/SmokingRooster/Documents/FacebookSDK,
				);
				INFOPLIST_FILE = Tinfinity/Info.plist;
				IPHONEOS_DEPLOYMENT_TARGET = 8.3;
				LD_RUNPATH_SEARCH_PATHS = "$(inherited) @executable_path/Frameworks";
				LIBRARY_SEARCH_PATHS = (
					"$(inherited)",
					/Users/SmokingRooster/Documents/FacebookSDK/FBSDKCoreKit.framework,
				);
				PRODUCT_NAME = "$(TARGET_NAME)";
				SWIFT_INSTALL_OBJC_HEADER = NO;
				SWIFT_OBJC_BRIDGING_HEADER = "";
			};
			name = Debug;
		};
		4198ECF21AD005760048C3A0 /* Release */ = {
			isa = XCBuildConfiguration;
			baseConfigurationReference = 5020E30E50F65E7F471C1B85 /* Pods.release.xcconfig */;
			buildSettings = {
				ASSETCATALOG_COMPILER_APPICON_NAME = AppIcon;
				ASSETCATALOG_COMPILER_LAUNCHIMAGE_NAME = LaunchImage;
				CODE_SIGN_IDENTITY = "iPhone Developer";
				FRAMEWORK_SEARCH_PATHS = (
					"$(inherited)",
					/Users/SmokingRooster/Documents/FacebookSDK,
				);
				INFOPLIST_FILE = Tinfinity/Info.plist;
				IPHONEOS_DEPLOYMENT_TARGET = 8.3;
				LD_RUNPATH_SEARCH_PATHS = "$(inherited) @executable_path/Frameworks";
				LIBRARY_SEARCH_PATHS = (
					"$(inherited)",
					/Users/SmokingRooster/Documents/FacebookSDK/FBSDKCoreKit.framework,
				);
				PRODUCT_NAME = "$(TARGET_NAME)";
				SWIFT_INSTALL_OBJC_HEADER = NO;
				SWIFT_OBJC_BRIDGING_HEADER = "";
			};
			name = Release;
		};
		4198ECF41AD005760048C3A0 /* Debug */ = {
			isa = XCBuildConfiguration;
			buildSettings = {
				BUNDLE_LOADER = "$(TEST_HOST)";
				FRAMEWORK_SEARCH_PATHS = (
					"$(SDKROOT)/Developer/Library/Frameworks",
					"$(inherited)",
				);
				GCC_PREPROCESSOR_DEFINITIONS = (
					"DEBUG=1",
					"$(inherited)",
				);
				INFOPLIST_FILE = TinfinityTests/Info.plist;
				LD_RUNPATH_SEARCH_PATHS = "$(inherited) @executable_path/Frameworks @loader_path/Frameworks";
				PRODUCT_NAME = "$(TARGET_NAME)";
				TEST_HOST = "$(BUILT_PRODUCTS_DIR)/Tinfinity.app/Tinfinity";
			};
			name = Debug;
		};
		4198ECF51AD005760048C3A0 /* Release */ = {
			isa = XCBuildConfiguration;
			buildSettings = {
				BUNDLE_LOADER = "$(TEST_HOST)";
				FRAMEWORK_SEARCH_PATHS = (
					"$(SDKROOT)/Developer/Library/Frameworks",
					"$(inherited)",
				);
				INFOPLIST_FILE = TinfinityTests/Info.plist;
				LD_RUNPATH_SEARCH_PATHS = "$(inherited) @executable_path/Frameworks @loader_path/Frameworks";
				PRODUCT_NAME = "$(TARGET_NAME)";
				TEST_HOST = "$(BUILT_PRODUCTS_DIR)/Tinfinity.app/Tinfinity";
			};
			name = Release;
		};
/* End XCBuildConfiguration section */

/* Begin XCConfigurationList section */
		4198ECCC1AD005750048C3A0 /* Build configuration list for PBXProject "Tinfinity" */ = {
			isa = XCConfigurationList;
			buildConfigurations = (
				4198ECEE1AD005760048C3A0 /* Debug */,
				4198ECEF1AD005760048C3A0 /* Release */,
			);
			defaultConfigurationIsVisible = 0;
			defaultConfigurationName = Release;
		};
		4198ECF01AD005760048C3A0 /* Build configuration list for PBXNativeTarget "Tinfinity" */ = {
			isa = XCConfigurationList;
			buildConfigurations = (
				4198ECF11AD005760048C3A0 /* Debug */,
				4198ECF21AD005760048C3A0 /* Release */,
			);
			defaultConfigurationIsVisible = 0;
			defaultConfigurationName = Release;
		};
		4198ECF31AD005760048C3A0 /* Build configuration list for PBXNativeTarget "TinfinityTests" */ = {
			isa = XCConfigurationList;
			buildConfigurations = (
				4198ECF41AD005760048C3A0 /* Debug */,
				4198ECF51AD005760048C3A0 /* Release */,
			);
			defaultConfigurationIsVisible = 0;
			defaultConfigurationName = Release;
		};
/* End XCConfigurationList section */
	};
	rootObject = 4198ECC91AD005750048C3A0 /* Project object */;
}
